{
  "nodes": {
    "fenix": {
      "inputs": {
        "nixpkgs": [
          "nixpkgs"
        ],
        "rust-analyzer-src": "rust-analyzer-src"
      },
      "locked": {
        "lastModified": 1770275419,
        "narHash": "sha256-g2wfAevB/IFF6Y1C74TbhRERlUVFVGQsgGp/lLR4lQM=",
        "owner": "nix-community",
        "repo": "fenix",
        "rev": "aa3fbaab2bdc73c5c1e25a124c272dde295bc957",
        "type": "github"
      },
      "original": {
        "owner": "nix-community",
        "repo": "fenix",
        "type": "github"
      }
    },
    "home-manager": {
      "inputs": {
        "nixpkgs": [
          "nixpkgs"
        ]
      },
      "locked": {
        "lastModified": 1770310759,
        "narHash": "sha256-KsoavnriDUjaEP0x77JC19E9ehiVjThy/Jvno3FwNdE=",
        "owner": "nix-community",
        "repo": "home-manager",
        "rev": "332027bc0ac95d230b8c680dcc44e56f9a3c9339",
        "type": "github"
      },
      "original": {
        "owner": "nix-community",
        "repo": "home-manager",
        "type": "github"
      }
    },
    "nixpkgs": {
      "locked": {
        "lastModified": 1770197578,
        "narHash": "sha256-AYqlWrX09+HvGs8zM6ebZ1pwUqjkfpnv8mewYwAo+iM=",
        "owner": "nixos",
        "repo": "nixpkgs",
        "rev": "00c21e4c93d963c50d4c0c89bfa84ed6e0694df2",
        "type": "github"
      },
      "original": {
        "owner": "nixos",
        "ref": "nixos-unstable",
        "repo": "nixpkgs",
        "type": "github"
      }
    },
    "noctalia": {
      "inputs": {
        "nixpkgs": [
          "nixpkgs"
        ]
      },
      "locked": {
        "lastModified": 1770304450,
        "narHash": "sha256-Z4CCgseJdBkl5xdb/MZw5MmRkw1/CmIsQR0KasHktwE=",
        "owner": "noctalia-dev",
        "repo": "noctalia-shell",
        "rev": "20a1b115d72d6f906414930cb9cfeb98362d8948",
        "type": "github"
      },
      "original": {
        "owner": "noctalia-dev",
        "repo": "noctalia-shell",
        "type": "github"
      }
    },
    "root": {
      "inputs": {
        "fenix": "fenix",
        "home-manager": "home-manager",
        "nixpkgs": "nixpkgs",
        "noctalia": "noctalia"
      }
    },
    "rust-analyzer-src": {
      "flake": false,
      "locked": {
        "lastModified": 1770200365,
        "narHash": "sha256-Z3V5v8tSwZ3l4COVSt0b6Av0wZwTUf7Qj0SQ2/Z5RX0=",
        "owner": "rust-lang",
        "repo": "rust-analyzer",
        "rev": "1433910d1ffaff2c7a5fb7ba701f82ea578a99e3",
        "type": "github"
      },
      "original": {
        "owner": "rust-lang",
        "ref": "nightly",
        "repo": "rust-analyzer",
        "type": "github"
      }
    }
  },
  "root": "root",
  "version": 7
}
